// !$*UTF8*$!
{
	archiveVersion = 1;
	classes = {
	};
	objectVersion = 77;
	objects = {

/* Begin PBXBuildFile section */
		BB4751B72F0FA76000EF3842 /* MarkdownUI in Frameworks */ = {isa = PBXBuildFile; productRef = BB4751B62F0FA76000EF3842 /* MarkdownUI */; };
/* End PBXBuildFile section */

/* Begin PBXContainerItemProxy section */
		BBF39DAA2EF2921100DD8F9F /* PBXContainerItemProxy */ = {
			isa = PBXContainerItemProxy;
			containerPortal = BBF39D902EF2921000DD8F9F /* Project object */;
			proxyType = 1;
			remoteGlobalIDString = BBF39D972EF2921000DD8F9F;
			remoteInfo = BoardGameRef;
		};
		BBF39DB42EF2921100DD8F9F /* PBXContainerItemProxy */ = {
			isa = PBXContainerItemProxy;
			containerPortal = BBF39D902EF2921000DD8F9F /* Project object */;
			proxyType = 1;
			remoteGlobalIDString = BBF39D972EF2921000DD8F9F;
			remoteInfo = BoardGameRef;
		};
/* End PBXContainerItemProxy section */

/* Begin PBXFileReference section */
		BBF39D982EF2921000DD8F9F /* BoardGameRef.app */ = {isa = PBXFileReference; explicitFileType = wrapper.application; includeInIndex = 0; path = BoardGameRef.app; sourceTree = BUILT_PRODUCTS_DIR; };
		BBF39DA92EF2921100DD8F9F /* BoardGameRefTests.xctest */ = {isa = PBXFileReference; explicitFileType = wrapper.cfbundle; includeInIndex = 0; path = BoardGameRefTests.xctest; sourceTree = BUILT_PRODUCTS_DIR; };
		BBF39DB32EF2921100DD8F9F /* BoardGameRefUITests.xctest */ = {isa = PBXFileReference; explicitFileType = wrapper.cfbundle; includeInIndex = 0; path = BoardGameRefUITests.xctest; sourceTree = BUILT_PRODUCTS_DIR; };
/* End PBXFileReference section */

/* Begin PBXFileSystemSynchronizedBuildFileExceptionSet section */
		BBF39DBB2EF2921100DD8F9F /* Exceptions for "BoardGameRef" folder in "BoardGameRef" target */ = {
			isa = PBXFileSystemSynchronizedBuildFileExceptionSet;
			membershipExceptions = (
				Info.plist,
			);
			target = BBF39D972EF2921000DD8F9F /* BoardGameRef */;
		};
/* End PBXFileSystemSynchronizedBuildFileExceptionSet section */

/* Begin PBXFileSystemSynchronizedRootGroup section */
		BBF39D9A2EF2921000DD8F9F /* BoardGameRef */ = {
			isa = PBXFileSystemSynchronizedRootGroup;
			exceptions = (
				BBF39DBB2EF2921100DD8F9F /* Exceptions for "BoardGameRef" folder in "BoardGameRef" target */,
			);
			path = BoardGameRef;
			sourceTree = "<group>";
		};
		BBF39DAC2EF2921100DD8F9F /* BoardGameRefTests */ = {
			isa = PBXFileSystemSynchronizedRootGroup;
			path = BoardGameRefTests;
			sourceTree = "<group>";
		};
		BBF39DB62EF2921100DD8F9F /* BoardGameRefUITests */ = {
			isa = PBXFileSystemSynchronizedRootGroup;
			path = BoardGameRefUITests;
			sourceTree = "<group>";
		};
/* End PBXFileSystemSynchronizedRootGroup section */

/* Begin PBXFrameworksBuildPhase section */
		BBF39D952EF2921000DD8F9F /* Frameworks */ = {
			isa = PBXFrameworksBuildPhase;
			buildActionMask = 2147483647;
			files = (
				BB4751B72F0FA76000EF3842 /* MarkdownUI in Frameworks */,
			);
			runOnlyForDeploymentPostprocessing = 0;
		};
		BBF39DA62EF2921100DD8F9F /* Frameworks */ = {
			isa = PBXFrameworksBuildPhase;
			buildActionMask = 2147483647;
			files = (
			);
			runOnlyForDeploymentPostprocessing = 0;
		};
		BBF39DB02EF2921100DD8F9F /* Frameworks */ = {
			isa = PBXFrameworksBuildPhase;
			buildActionMask = 2147483647;
			files = (
			);
			runOnlyForDeploymentPostprocessing = 0;
		};
/* End PBXFrameworksBuildPhase section */

/* Begin PBXGroup section */
		BBF39D8F2EF2921000DD8F9F = {
			isa = PBXGroup;
			children = (
				BBF39D9A2EF2921000DD8F9F /* BoardGameRef */,
				BBF39DAC2EF2921100DD8F9F /* BoardGameRefTests */,
				BBF39DB62EF2921100DD8F9F /* BoardGameRefUITests */,
				BBF39D992EF2921000DD8F9F /* Products */,
			);
			sourceTree = "<group>";
		};
		BBF39D992EF2921000DD8F9F /* Products */ = {
			isa = PBXGroup;
			children = (
				BBF39D982EF2921000DD8F9F /* BoardGameRef.app */,
				BBF39DA92EF2921100DD8F9F /* BoardGameRefTests.xctest */,
				BBF39DB32EF2921100DD8F9F /* BoardGameRefUITests.xctest */,
			);
			name = Products;
			sourceTree = "<group>";
		};
/* End PBXGroup section */

/* Begin PBXNativeTarget section */
		BBF39D972EF2921000DD8F9F /* BoardGameRef */ = {
			isa = PBXNativeTarget;
			buildConfigurationList = BBF39DBC2EF2921100DD8F9F /* Build configuration list for PBXNativeTarget "BoardGameRef" */;
			buildPhases = (
				BBF39D942EF2921000DD8F9F /* Sources */,
				BBF39D952EF2921000DD8F9F /* Frameworks */,
				BBF39D962EF2921000DD8F9F /* Resources */,
			);
			buildRules = (
			);
			dependencies = (
			);
			fileSystemSynchronizedGroups = (
				BBF39D9A2EF2921000DD8F9F /* BoardGameRef */,
			);
			name = BoardGameRef;
			packageProductDependencies = (
				BB4751B62F0FA76000EF3842 /* MarkdownUI */,
			);
			productName = BoardGameRef;
			productReference = BBF39D982EF2921000DD8F9F /* BoardGameRef.app */;
			productType = "com.apple.product-type.application";
		};
		BBF39DA82EF2921100DD8F9F /* BoardGameRefTests */ = {
			isa = PBXNativeTarget;
			buildConfigurationList = BBF39DC12EF2921100DD8F9F /* Build configuration list for PBXNativeTarget "BoardGameRefTests" */;
			buildPhases = (
				BBF39DA52EF2921100DD8F9F /* Sources */,
				BBF39DA62EF2921100DD8F9F /* Frameworks */,
				BBF39DA72EF2921100DD8F9F /* Resources */,
			);
			buildRules = (
			);
			dependencies = (
				BBF39DAB2EF2921100DD8F9F /* PBXTargetDependency */,
			);
			fileSystemSynchronizedGroups = (
				BBF39DAC2EF2921100DD8F9F /* BoardGameRefTests */,
			);
			name = BoardGameRefTests;
			packageProductDependencies = (
			);
			productName = BoardGameRefTests;
			productReference = BBF39DA92EF2921100DD8F9F /* BoardGameRefTests.xctest */;
			productType = "com.apple.product-type.bundle.unit-test";
		};
		BBF39DB22EF2921100DD8F9F /* BoardGameRefUITests */ = {
			isa = PBXNativeTarget;
			buildConfigurationList = BBF39DC42EF2921100DD8F9F /* Build configuration list for PBXNativeTarget "BoardGameRefUITests" */;
			buildPhases = (
				BBF39DAF2EF2921100DD8F9F /* Sources */,
				BBF39DB02EF2921100DD8F9F /* Frameworks */,
				BBF39DB12EF2921100DD8F9F /* Resources */,
			);
			buildRules = (
			);
			dependencies = (
				BBF39DB52EF2921100DD8F9F /* PBXTargetDependency */,
			);
			fileSystemSynchronizedGroups = (
				BBF39DB62EF2921100DD8F9F /* BoardGameRefUITests */,
			);
			name = BoardGameRefUITests;
			packageProductDependencies = (
			);
			productName = BoardGameRefUITests;
			productReference = BBF39DB32EF2921100DD8F9F /* BoardGameRefUITests.xctest */;
			productType = "com.apple.product-type.bundle.ui-testing";
		};
/* End PBXNativeTarget section */

/* Begin PBXProject section */
		BBF39D902EF2921000DD8F9F /* Project object */ = {
			isa = PBXProject;
			attributes = {
				BuildIndependentTargetsInParallel = 1;
				LastSwiftUpdateCheck = 2620;
				LastUpgradeCheck = 2620;
				TargetAttributes = {
					BBF39D972EF2921000DD8F9F = {
						CreatedOnToolsVersion = 26.2;
					};
					BBF39DA82EF2921100DD8F9F = {
						CreatedOnToolsVersion = 26.2;
						TestTargetID = BBF39D972EF2921000DD8F9F;
					};
					BBF39DB22EF2921100DD8F9F = {
						CreatedOnToolsVersion = 26.2;
						TestTargetID = BBF39D972EF2921000DD8F9F;
					};
				};
			};
			buildConfigurationList = BBF39D932EF2921000DD8F9F /* Build configuration list for PBXProject "BoardGameRef" */;
			developmentRegion = en;
			hasScannedForEncodings = 0;
			knownRegions = (
				en,
				Base,
			);
			mainGroup = BBF39D8F2EF2921000DD8F9F;
			minimizedProjectReferenceProxies = 1;
			packageReferences = (
				BB4751B52F0FA76000EF3842 /* XCRemoteSwiftPackageReference "swift-markdown-ui" */,
			);
			preferredProjectObjectVersion = 77;
			productRefGroup = BBF39D992EF2921000DD8F9F /* Products */;
			projectDirPath = "";
			projectRoot = "";
			targets = (
				BBF39D972EF2921000DD8F9F /* BoardGameRef */,
				BBF39DA82EF2921100DD8F9F /* BoardGameRefTests */,
				BBF39DB22EF2921100DD8F9F /* BoardGameRefUITests */,
			);
		};
/* End PBXProject section */

/* Begin PBXResourcesBuildPhase section */
		BBF39D962EF2921000DD8F9F /* Resources */ = {
			isa = PBXResourcesBuildPhase;
			buildActionMask = 2147483647;
			files = (
			);
			runOnlyForDeploymentPostprocessing = 0;
		};
		BBF39DA72EF2921100DD8F9F /* Resources */ = {
			isa = PBXResourcesBuildPhase;
			buildActionMask = 2147483647;
			files = (
			);
			runOnlyForDeploymentPostprocessing = 0;
		};
		BBF39DB12EF2921100DD8F9F /* Resources */ = {
			isa = PBXResourcesBuildPhase;
			buildActionMask = 2147483647;
			files = (
			);
			runOnlyForDeploymentPostprocessing = 0;
		};
/* End PBXResourcesBuildPhase section */

/* Begin PBXSourcesBuildPhase section */
		BBF39D942EF2921000DD8F9F /* Sources */ = {
			isa = PBXSourcesBuildPhase;
			buildActionMask = 2147483647;
			files = (
			);
			runOnlyForDeploymentPostprocessing = 0;
		};
		BBF39DA52EF2921100DD8F9F /* Sources */ = {
			isa = PBXSourcesBuildPhase;
			buildActionMask = 2147483647;
			files = (
			);
			runOnlyForDeploymentPostprocessing = 0;
		};
		BBF39DAF2EF2921100DD8F9F /* Sources */ = {
			isa = PBXSourcesBuildPhase;
			buildActionMask = 2147483647;
			files = (
			);
			runOnlyForDeploymentPostprocessing = 0;
		};
/* End PBXSourcesBuildPhase section */

/* Begin PBXTargetDependency section */
		BBF39DAB2EF2921100DD8F9F /* PBXTargetDependency */ = {
			isa = PBXTargetDependency;
			target = BBF39D972EF2921000DD8F9F /* BoardGameRef */;
			targetProxy = BBF39DAA2EF2921100DD8F9F /* PBXContainerItemProxy */;
		};
		BBF39DB52EF2921100DD8F9F /* PBXTargetDependency */ = {
			isa = PBXTargetDependency;
			target = BBF39D972EF2921000DD8F9F /* BoardGameRef */;
			targetProxy = BBF39DB42EF2921100DD8F9F /* PBXContainerItemProxy */;
		};
/* End PBXTargetDependency section */

/* Begin XCBuildConfiguration section */
		BBF39DBD2EF2921100DD8F9F /* Debug */ = {
			isa = XCBuildConfiguration;
			buildSettings = {
				ASSETCATALOG_COMPILER_APPICON_NAME = AppIcon;
				ASSETCATALOG_COMPILER_GLOBAL_ACCENT_COLOR_NAME = AccentColor;
				CODE_SIGN_ENTITLEMENTS = BoardGameRef/BoardGameRef.entitlements;
				CODE_SIGN_STYLE = Automatic;
				CURRENT_PROJECT_VERSION = 1;
				ENABLE_PREVIEWS = YES;
				GENERATE_INFOPLIST_FILE = YES;
				INFOPLIST_FILE = BoardGameRef/Info.plist;
				INFOPLIST_KEY_UIApplicationSceneManifest_Generation = YES;
				INFOPLIST_KEY_UIApplicationSupportsIndirectInputEvents = YES;
				INFOPLIST_KEY_UILaunchScreen_Generation = YES;
				INFOPLIST_KEY_UISupportedInterfaceOrientations_iPad = "UIInterfaceOrientationPortrait UIInterfaceOrientationPortraitUpsideDown UIInterfaceOrientationLandscapeLeft UIInterfaceOrientationLandscapeRight";
				INFOPLIST_KEY_UISupportedInterfaceOrientations_iPhone = "UIInterfaceOrientationPortrait UIInterfaceOrientationLandscapeLeft UIInterfaceOrientationLandscapeRight";
				LD_RUNPATH_SEARCH_PATHS = (
					"$(inherited)",
					"@executable_path/Frameworks",
				);
				MARKETING_VERSION = 1.0;
				PRODUCT_BUNDLE_IDENTIFIER = com.baihaocheng.BoardGameRef;
				PRODUCT_NAME = "$(TARGET_NAME)";
				STRING_CATALOG_GENERATE_SYMBOLS = YES;
				SWIFT_APPROACHABLE_CONCURRENCY = YES;
				SWIFT_DEFAULT_ACTOR_ISOLATION = MainActor;
				SWIFT_EMIT_LOC_STRINGS = YES;
				SWIFT_UPCOMING_FEATURE_MEMBER_IMPORT_VISIBILITY = YES;
				SWIFT_VERSION = 5.0;
				TARGETED_DEVICE_FAMILY = "1,2";
			};
			name = Debug;
		};
		BBF39DBE2EF2921100DD8F9F /* Release */ = {
			isa = XCBuildConfiguration;
			buildSettings = {
				ASSETCATALOG_COMPILER_APPICON_NAME = AppIcon;
				ASSETCATALOG_COMPILER_GLOBAL_ACCENT_COLOR_NAME = AccentColor;
				CODE_SIGN_ENTITLEMENTS = BoardGameRef/BoardGameRef.entitlements;
				CODE_SIGN_STYLE = Automatic;
				CURRENT_PROJECT_VERSION = 1;
				ENABLE_PREVIEWS = YES;
				GENERATE_INFOPLIST_FILE = YES;
				INFOPLIST_FILE = BoardGameRef/Info.plist;
				INFOPLIST_KEY_UIApplicationSceneManifest_Generation = YES;
				INFOPLIST_KEY_UIApplicationSupportsIndirectInputEvents = YES;
				INFOPLIST_KEY_UILaunchScreen_Generation = YES;
				INFOPLIST_KEY_UISupportedInterfaceOrientations_iPad = "UIInterfaceOrientationPortrait UIInterfaceOrientationPortraitUpsideDown UIInterfaceOrientationLandscapeLeft UIInterfaceOrientationLandscapeRight";
				INFOPLIST_KEY_UISupportedInterfaceOrientations_iPhone = "UIInterfaceOrientationPortrait UIInterfaceOrientationLandscapeLeft UIInterfaceOrientationLandscapeRight";
				LD_RUNPATH_SEARCH_PATHS = (
					"$(inherited)",
					"@executable_path/Frameworks",
				);
				MARKETING_VERSION = 1.0;
				PRODUCT_BUNDLE_IDENTIFIER = com.baihaocheng.BoardGameRef;
				PRODUCT_NAME = "$(TARGET_NAME)";
				STRING_CATALOG_GENERATE_SYMBOLS = YES;
				SWIFT_APPROACHABLE_CONCURRENCY = YES;
				SWIFT_DEFAULT_ACTOR_ISOLATION = MainActor;
				SWIFT_EMIT_LOC_STRINGS = YES;
				SWIFT_UPCOMING_FEATURE_MEMBER_IMPORT_VISIBILITY = YES;
				SWIFT_VERSION = 5.0;
				TARGETED_DEVICE_FAMILY = "1,2";
			};
			name = Release;
		};
		BBF39DBF2EF2921100DD8F9F /* Debug */ = {
			isa = XCBuildConfiguration;
			buildSettings = {
				ALWAYS_SEARCH_USER_PATHS = NO;
				ASSETCATALOG_COMPILER_GENERATE_SWIFT_ASSET_SYMBOL_EXTENSIONS = YES;
				CLANG_ANALYZER_NONNULL = YES;
				CLANG_ANALYZER_NUMBER_OBJECT_CONVERSION = YES_AGGRESSIVE;
				CLANG_CXX_LANGUAGE_STANDARD = "gnu++20";
				CLANG_ENABLE_MODULES = YES;
				CLANG_ENABLE_OBJC_ARC = YES;
				CLANG_ENABLE_OBJC_WEAK = YES;
				CLANG_WARN_BLOCK_CAPTURE_AUTORELEASING = YES;
				CLANG_WARN_BOOL_CONVERSION = YES;
				CLANG_WARN_COMMA = YES;
				CLANG_WARN_CONSTANT_CONVERSION = YES;
				CLANG_WARN_DEPRECATED_OBJC_IMPLEMENTATIONS = YES;
				CLANG_WARN_DIRECT_OBJC_ISA_USAGE = YES_ERROR;
				CLANG_WARN_DOCUMENTATION_COMMENTS = YES;
				CLANG_WARN_EMPTY_BODY = YES;
				CLANG_WARN_ENUM_CONVERSION = YES;
				CLANG_WARN_INFINITE_RECURSION = YES;
				CLANG_WARN_INT_CONVERSION = YES;
				CLANG_WARN_NON_LITERAL_NULL_CONVERSION = YES;
				CLANG_WARN_OBJC_IMPLICIT_RETAIN_SELF = YES;
				CLANG_WARN_OBJC_LITERAL_CONVERSION = YES;
				CLANG_WARN_OBJC_ROOT_CLASS = YES_ERROR;
				CLANG_WARN_QUOTED_INCLUDE_IN_FRAMEWORK_HEADER = YES;
				CLANG_WARN_RANGE_LOOP_ANALYSIS = YES;
				CLANG_WARN_STRICT_PROTOTYPES = YES;
				CLANG_WARN_SUSPICIOUS_MOVE = YES;
				CLANG_WARN_UNGUARDED_AVAILABILITY = YES_AGGRESSIVE;
				CLANG_WARN_UNREACHABLE_CODE = YES;
				CLANG_WARN__DUPLICATE_METHOD_MATCH = YES;
				COPY_PHASE_STRIP = NO;
				DEBUG_INFORMATION_FORMAT = dwarf;
				ENABLE_STRICT_OBJC_MSGSEND = YES;
				ENABLE_TESTABILITY = YES;
				ENABLE_USER_SCRIPT_SANDBOXING = YES;
				GCC_C_LANGUAGE_STANDARD = gnu17;
				GCC_DYNAMIC_NO_PIC = NO;
				GCC_NO_COMMON_BLOCKS = YES;
				GCC_OPTIMIZATION_LEVEL = 0;
				GCC_PREPROCESSOR_DEFINITIONS = (
					"DEBUG=1",
					"$(inherited)",
				);
				GCC_WARN_64_TO_32_BIT_CONVERSION = YES;
				GCC_WARN_ABOUT_RETURN_TYPE = YES_ERROR;
				GCC_WARN_UNDECLARED_SELECTOR = YES;
				GCC_WARN_UNINITIALIZED_AUTOS = YES_AGGRESSIVE;
				GCC_WARN_UNUSED_FUNCTION = YES;
				GCC_WARN_UNUSED_VARIABLE = YES;
				IPHONEOS_DEPLOYMENT_TARGET = 26.2;
				LOCALIZATION_PREFERS_STRING_CATALOGS = YES;
				MTL_ENABLE_DEBUG_INFO = INCLUDE_SOURCE;
				MTL_FAST_MATH = YES;
				ONLY_ACTIVE_ARCH = YES;
				SDKROOT = iphoneos;
				SWIFT_ACTIVE_COMPILATION_CONDITIONS = "DEBUG $(inherited)";
				SWIFT_OPTIMIZATION_LEVEL = "-Onone";
			};
			name = Debug;
		};
		BBF39DC02EF2921100DD8F9F /* Release */ = {
			isa = XCBuildConfiguration;
			buildSettings = {
				ALWAYS_SEARCH_USER_PATHS = NO;
				ASSETCATALOG_COMPILER_GENERATE_SWIFT_ASSET_SYMBOL_EXTENSIONS = YES;
				CLANG_ANALYZER_NONNULL = YES;
				CLANG_ANALYZER_NUMBER_OBJECT_CONVERSION = YES_AGGRESSIVE;
				CLANG_CXX_LANGUAGE_STANDARD = "gnu++20";
				CLANG_ENABLE_MODULES = YES;
				CLANG_ENABLE_OBJC_ARC = YES;
				CLANG_ENABLE_OBJC_WEAK = YES;
				CLANG_WARN_BLOCK_CAPTURE_AUTORELEASING = YES;
				CLANG_WARN_BOOL_CONVERSION = YES;
				CLANG_WARN_COMMA = YES;
				CLANG_WARN_CONSTANT_CONVERSION = YES;
				CLANG_WARN_DEPRECATED_OBJC_IMPLEMENTATIONS = YES;
				CLANG_WARN_DIRECT_OBJC_ISA_USAGE = YES_ERROR;
				CLANG_WARN_DOCUMENTATION_COMMENTS = YES;
				CLANG_WARN_EMPTY_BODY = YES;
				CLANG_WARN_ENUM_CONVERSION = YES;
				CLANG_WARN_INFINITE_RECURSION = YES;
				CLANG_WARN_INT_CONVERSION = YES;
				CLANG_WARN_NON_LITERAL_NULL_CONVERSION = YES;
				CLANG_WARN_OBJC_IMPLICIT_RETAIN_SELF = YES;
				CLANG_WARN_OBJC_LITERAL_CONVERSION = YES;
				CLANG_WARN_OBJC_ROOT_CLASS = YES_ERROR;
				CLANG_WARN_QUOTED_INCLUDE_IN_FRAMEWORK_HEADER = YES;
				CLANG_WARN_RANGE_LOOP_ANALYSIS = YES;
				CLANG_WARN_STRICT_PROTOTYPES = YES;
				CLANG_WARN_SUSPICIOUS_MOVE = YES;
				CLANG_WARN_UNGUARDED_AVAILABILITY = YES_AGGRESSIVE;
				CLANG_WARN_UNREACHABLE_CODE = YES;
				CLANG_WARN__DUPLICATE_METHOD_MATCH = YES;
				COPY_PHASE_STRIP = NO;
				DEBUG_INFORMATION_FORMAT = "dwarf-with-dsym";
				ENABLE_NS_ASSERTIONS = NO;
				ENABLE_STRICT_OBJC_MSGSEND = YES;
				ENABLE_USER_SCRIPT_SANDBOXING = YES;
				GCC_C_LANGUAGE_STANDARD = gnu17;
				GCC_NO_COMMON_BLOCKS = YES;
				GCC_WARN_64_TO_32_BIT_CONVERSION = YES;
				GCC_WARN_ABOUT_RETURN_TYPE = YES_ERROR;
				GCC_WARN_UNDECLARED_SELECTOR = YES;
				GCC_WARN_UNINITIALIZED_AUTOS = YES_AGGRESSIVE;
				GCC_WARN_UNUSED_FUNCTION = YES;
				GCC_WARN_UNUSED_VARIABLE = YES;
				IPHONEOS_DEPLOYMENT_TARGET = 26.2;
				LOCALIZATION_PREFERS_STRING_CATALOGS = YES;
				MTL_ENABLE_DEBUG_INFO = NO;
				MTL_FAST_MATH = YES;
				SDKROOT = iphoneos;
				SWIFT_COMPILATION_MODE = wholemodule;
				VALIDATE_PRODUCT = YES;
			};
			name = Release;
		};
		BBF39DC22EF2921100DD8F9F /* Debug */ = {
			isa = XCBuildConfiguration;
			buildSettings = {
				BUNDLE_LOADER = "$(TEST_HOST)";
				CODE_SIGN_STYLE = Automatic;
				CURRENT_PROJECT_VERSION = 1;
				GENERATE_INFOPLIST_FILE = YES;
				IPHONEOS_DEPLOYMENT_TARGET = 26.2;
				MARKETING_VERSION = 1.0;
				PRODUCT_BUNDLE_IDENTIFIER = com.baihaocheng.BoardGameRefTests;
				PRODUCT_NAME = "$(TARGET_NAME)";
				STRING_CATALOG_GENERATE_SYMBOLS = NO;
				SWIFT_APPROACHABLE_CONCURRENCY = YES;
				SWIFT_EMIT_LOC_STRINGS = NO;
				SWIFT_UPCOMING_FEATURE_MEMBER_IMPORT_VISIBILITY = YES;
				SWIFT_VERSION = 5.0;
				TARGETED_DEVICE_FAMILY = "1,2";
				TEST_HOST = "$(BUILT_PRODUCTS_DIR)/BoardGameRef.app/$(BUNDLE_EXECUTABLE_FOLDER_PATH)/BoardGameRef";
			};
			name = Debug;
		};
		BBF39DC32EF2921100DD8F9F /* Release */ = {
			isa = XCBuildConfiguration;
			buildSettings = {
				BUNDLE_LOADER = "$(TEST_HOST)";
				CODE_SIGN_STYLE = Automatic;
				CURRENT_PROJECT_VERSION = 1;
				GENERATE_INFOPLIST_FILE = YES;
				IPHONEOS_DEPLOYMENT_TARGET = 26.2;
				MARKETING_VERSION = 1.0;
				PRODUCT_BUNDLE_IDENTIFIER = com.baihaocheng.BoardGameRefTests;
				PRODUCT_NAME = "$(TARGET_NAME)";
				STRING_CATALOG_GENERATE_SYMBOLS = NO;
				SWIFT_APPROACHABLE_CONCURRENCY = YES;
				SWIFT_EMIT_LOC_STRINGS = NO;
				SWIFT_UPCOMING_FEATURE_MEMBER_IMPORT_VISIBILITY = YES;
				SWIFT_VERSION = 5.0;
				TARGETED_DEVICE_FAMILY = "1,2";
				TEST_HOST = "$(BUILT_PRODUCTS_DIR)/BoardGameRef.app/$(BUNDLE_EXECUTABLE_FOLDER_PATH)/BoardGameRef";
			};
			name = Release;
		};
		BBF39DC52EF2921100DD8F9F /* Debug */ = {
			isa = XCBuildConfiguration;
			buildSettings = {
				CODE_SIGN_STYLE = Automatic;
				CURRENT_PROJECT_VERSION = 1;
				GENERATE_INFOPLIST_FILE = YES;
				MARKETING_VERSION = 1.0;
				PRODUCT_BUNDLE_IDENTIFIER = com.baihaocheng.BoardGameRefUITests;
				PRODUCT_NAME = "$(TARGET_NAME)";
				STRING_CATALOG_GENERATE_SYMBOLS = NO;
				SWIFT_APPROACHABLE_CONCURRENCY = YES;
				SWIFT_EMIT_LOC_STRINGS = NO;
				SWIFT_UPCOMING_FEATURE_MEMBER_IMPORT_VISIBILITY = YES;
				SWIFT_VERSION = 5.0;
				TARGETED_DEVICE_FAMILY = "1,2";
				TEST_TARGET_NAME = BoardGameRef;
			};
			name = Debug;
		};
		BBF39DC62EF2921100DD8F9F /* Release */ = {
			isa = XCBuildConfiguration;
			buildSettings = {
				CODE_SIGN_STYLE = Automatic;
				CURRENT_PROJECT_VERSION = 1;
				GENERATE_INFOPLIST_FILE = YES;
				MARKETING_VERSION = 1.0;
				PRODUCT_BUNDLE_IDENTIFIER = com.baihaocheng.BoardGameRefUITests;
				PRODUCT_NAME = "$(TARGET_NAME)";
				STRING_CATALOG_GENERATE_SYMBOLS = NO;
				SWIFT_APPROACHABLE_CONCURRENCY = YES;
				SWIFT_EMIT_LOC_STRINGS = NO;
				SWIFT_UPCOMING_FEATURE_MEMBER_IMPORT_VISIBILITY = YES;
				SWIFT_VERSION = 5.0;
				TARGETED_DEVICE_FAMILY = "1,2";
				TEST_TARGET_NAME = BoardGameRef;
			};
			name = Release;
		};
/* End XCBuildConfiguration section */

/* Begin XCConfigurationList section */
		BBF39D932EF2921000DD8F9F /* Build configuration list for PBXProject "BoardGameRef" */ = {
			isa = XCConfigurationList;
			buildConfigurations = (
				BBF39DBF2EF2921100DD8F9F /* Debug */,
				BBF39DC02EF2921100DD8F9F /* Release */,
			);
			defaultConfigurationIsVisible = 0;
			defaultConfigurationName = Release;
		};
		BBF39DBC2EF2921100DD8F9F /* Build configuration list for PBXNativeTarget "BoardGameRef" */ = {
			isa = XCConfigurationList;
			buildConfigurations = (
				BBF39DBD2EF2921100DD8F9F /* Debug */,
				BBF39DBE2EF2921100DD8F9F /* Release */,
			);
			defaultConfigurationIsVisible = 0;
			defaultConfigurationName = Release;
		};
		BBF39DC12EF2921100DD8F9F /* Build configuration list for PBXNativeTarget "BoardGameRefTests" */ = {
			isa = XCConfigurationList;
			buildConfigurations = (
				BBF39DC22EF2921100DD8F9F /* Debug */,
				BBF39DC32EF2921100DD8F9F /* Release */,
			);
			defaultConfigurationIsVisible = 0;
			defaultConfigurationName = Release;
		};
		BBF39DC42EF2921100DD8F9F /* Build configuration list for PBXNativeTarget "BoardGameRefUITests" */ = {
			isa = XCConfigurationList;
			buildConfigurations = (
				BBF39DC52EF2921100DD8F9F /* Debug */,
				BBF39DC62EF2921100DD8F9F /* Release */,
			);
			defaultConfigurationIsVisible = 0;
			defaultConfigurationName = Release;
		};
/* End XCConfigurationList section */

/* Begin XCRemoteSwiftPackageReference section */
		BB4751B52F0FA76000EF3842 /* XCRemoteSwiftPackageReference "swift-markdown-ui" */ = {
			isa = XCRemoteSwiftPackageReference;
			repositoryURL = "https://github.com/gonzalezreal/swift-markdown-ui.git";
			requirement = {
				kind = upToNextMajorVersion;
				minimumVersion = 2.4.1;
			};
		};
/* End XCRemoteSwiftPackageReference section */

/* Begin XCSwiftPackageProductDependency section */
		BB4751B62F0FA76000EF3842 /* MarkdownUI */ = {
			isa = XCSwiftPackageProductDependency;
			package = BB4751B52F0FA76000EF3842 /* XCRemoteSwiftPackageReference "swift-markdown-ui" */;
			productName = MarkdownUI;
		};
/* End XCSwiftPackageProductDependency section */
	};
	rootObject = BBF39D902EF2921000DD8F9F /* Project object */;
}
